
Microsoft Visual Studio Solution File, Format Version 12.00
# Visual Studio Version 17
VisualStudioVersion = 17.4.33213.308
MinimumVisualStudioVersion = 10.0.40219.1
Project("{FAE04EC0-301F-11D3-BF4B-00C04F79EFBC}") = "DesktopUI_4227", "DesktopUI_4227\DesktopUI_4227.csproj", "{B604354D-5C45-4F8D-AA30-C0A10B4B21B7}"
EndProject
Global
	GlobalSection(SolutionConfigurationPlatforms) = preSolution
		Debug|Any CPU = Debug|Any CPU
		Release|Any CPU = Release|Any CPU
	EndGlobalSection
	GlobalSection(ProjectConfigurationPlatforms) = postSolution
		{B604354D-5C45-4F8D-AA30-C0A10B4B21B7}.Debug|Any CPU.ActiveCfg = Debug|Any CPU
		{B604354D-5C45-4F8D-AA30-C0A10B4B21B7}.Debug|Any CPU.Build.0 = Debug|Any CPU
		{B604354D-5C45-4F8D-AA30-C0A10B4B21B7}.Release|Any CPU.ActiveCfg = Release|Any CPU
		{B604354D-5C45-4F8D-AA30-C0A10B4B21B7}.Release|Any CPU.Build.0 = Release|Any CPU
	EndGlobalSection
	GlobalSection(SolutionProperties) = preSolution
		HideSolutionNode = FALSE
	EndGlobalSection
	GlobalSection(ExtensibilityGlobals) = postSolution
		SolutionGuid = {8F7C7965-8CDA-43AA-BAB6-D6B7D6A3D697}
	EndGlobalSection
EndGlobal
